# THIS IS AN AUTOGENERATED FILE. DO NOT EDIT THIS FILE DIRECTLY.
# yarn lockfile v1


"@popperjs/core@^2.9.0":
  version "2.11.8"
  resolved "https://registry.npmjs.org/@popperjs/core/-/core-2.11.8.tgz"
  integrity sha512-P1st0aksCrn9sGZhp8GMYwBnQsbvAWsZAX44oXNNvLHGqAOcoVxmjZiohstwQ7SqKnbR47akdNi+uleWD8+g6A==

"@remirror/core-constants@3.0.0":
  version "3.0.0"
  resolved "https://registry.npmjs.org/@remirror/core-constants/-/core-constants-3.0.0.tgz"
  integrity sha512-42aWfPrimMfDKDi4YegyS7x+/0tlzaqwPQCULLanv3DMIlu96KTJR0fM5isWX2UViOqlGnX6YFgqWepcX+XMNg==

"@tiptap/core@^2.11.5", "@tiptap/core@^2.7.0":
  version "2.11.5"
  resolved "https://registry.npmjs.org/@tiptap/core/-/core-2.11.5.tgz"
  integrity sha512-jb0KTdUJaJY53JaN7ooY3XAxHQNoMYti/H6ANo707PsLXVeEqJ9o8+eBup1JU5CuwzrgnDc2dECt2WIGX9f8Jw==

"@tiptap/extension-blockquote@^2.11.5":
  version "2.11.5"
  resolved "https://registry.npmjs.org/@tiptap/extension-blockquote/-/extension-blockquote-2.11.5.tgz"
  integrity sha512-MZfcRIzKRD8/J1hkt/eYv49060GTL6qGR3NY/oTDuw2wYzbQXXLEbjk8hxAtjwNn7G+pWQv3L+PKFzZDxibLuA==

"@tiptap/extension-bold@^2.11.5":
  version "2.11.5"
  resolved "https://registry.npmjs.org/@tiptap/extension-bold/-/extension-bold-2.11.5.tgz"
  integrity sha512-OAq03MHEbl7MtYCUzGuwb0VpOPnM0k5ekMbEaRILFU5ZC7cEAQ36XmPIw1dQayrcuE8GZL35BKub2qtRxyC9iA==

"@tiptap/extension-bubble-menu@^2.11.5":
  version "2.11.5"
  resolved "https://registry.npmjs.org/@tiptap/extension-bubble-menu/-/extension-bubble-menu-2.11.5.tgz"
  integrity sha512-rx+rMd7EEdht5EHLWldpkzJ56SWYA9799b33ustePqhXd6linnokJCzBqY13AfZ9+xp3RsR6C0ZHI9GGea0tIA==
  dependencies:
    tippy.js "^6.3.7"

"@tiptap/extension-bullet-list@^2.11.5":
  version "2.11.5"
  resolved "https://registry.npmjs.org/@tiptap/extension-bullet-list/-/extension-bullet-list-2.11.5.tgz"
  integrity sha512-VXwHlX6A/T6FAspnyjbKDO0TQ+oetXuat6RY1/JxbXphH42nLuBaGWJ6pgy6xMl6XY8/9oPkTNrfJw/8/eeRwA==

"@tiptap/extension-code-block@^2.11.5":
  version "2.11.5"
  resolved "https://registry.npmjs.org/@tiptap/extension-code-block/-/extension-code-block-2.11.5.tgz"
  integrity sha512-ksxMMvqLDlC+ftcQLynqZMdlJT1iHYZorXsXw/n+wuRd7YElkRkd6YWUX/Pq/njFY6lDjKiqFLEXBJB8nrzzBA==

"@tiptap/extension-code@^2.11.5":
  version "2.11.5"
  resolved "https://registry.npmjs.org/@tiptap/extension-code/-/extension-code-2.11.5.tgz"
  integrity sha512-xOvHevNIQIcCCVn9tpvXa1wBp0wHN/2umbAZGTVzS+AQtM7BTo0tz8IyzwxkcZJaImONcUVYLOLzt2AgW1LltA==

"@tiptap/extension-document@^2.11.5":
  version "2.11.5"
  resolved "https://registry.npmjs.org/@tiptap/extension-document/-/extension-document-2.11.5.tgz"
  integrity sha512-7I4BRTpIux2a0O2qS3BDmyZ5LGp3pszKbix32CmeVh7lN9dV7W5reDqtJJ9FCZEEF+pZ6e1/DQA362dflwZw2g==

"@tiptap/extension-dropcursor@^2.11.5":
  version "2.11.5"
  resolved "https://registry.npmjs.org/@tiptap/extension-dropcursor/-/extension-dropcursor-2.11.5.tgz"
  integrity sha512-uIN7L3FU0904ec7FFFbndO7RQE/yiON4VzAMhNn587LFMyWO8US139HXIL4O8dpZeYwYL3d1FnDTflZl6CwLlg==

"@tiptap/extension-floating-menu@^2.11.5":
  version "2.11.5"
  resolved "https://registry.npmjs.org/@tiptap/extension-floating-menu/-/extension-floating-menu-2.11.5.tgz"
  integrity sha512-HsMI0hV5Lwzm530Z5tBeyNCBNG38eJ3qjfdV2OHlfSf3+KOEfn6a5AUdoNaZO02LF79/8+7BaYU2drafag9cxQ==
  dependencies:
    tippy.js "^6.3.7"

"@tiptap/extension-gapcursor@^2.11.5":
  version "2.11.5"
  resolved "https://registry.npmjs.org/@tiptap/extension-gapcursor/-/extension-gapcursor-2.11.5.tgz"
  integrity sha512-kcWa+Xq9cb6lBdiICvLReuDtz/rLjFKHWpW3jTTF3FiP3wx4H8Rs6bzVtty7uOVTfwupxZRiKICAMEU6iT0xrQ==

"@tiptap/extension-hard-break@^2.11.5":
  version "2.11.5"
  resolved "https://registry.npmjs.org/@tiptap/extension-hard-break/-/extension-hard-break-2.11.5.tgz"
  integrity sha512-q9doeN+Yg9F5QNTG8pZGYfNye3tmntOwch683v0CCVCI4ldKaLZ0jG3NbBTq+mosHYdgOH2rNbIORlRRsQ+iYQ==

"@tiptap/extension-heading@^2.11.5":
  version "2.11.5"
  resolved "https://registry.npmjs.org/@tiptap/extension-heading/-/extension-heading-2.11.5.tgz"
  integrity sha512-x/MV53psJ9baRcZ4k4WjnCUBMt8zCX7mPlKVT+9C/o+DEs/j/qxPLs95nHeQv70chZpSwCQCt93xMmuF0kPoAg==

"@tiptap/extension-highlight@^2.11.5":
  version "2.11.5"
  resolved "https://registry.npmjs.org/@tiptap/extension-highlight/-/extension-highlight-2.11.5.tgz"
  integrity sha512-VBZfT869L9CiTLF8qr+3FBUtJcmlyUTECORNo0ceEiNDg4H6V9uNPwaROMXrWiQCc+DYVCOkx541QrXwNMzxlg==

"@tiptap/extension-history@^2.11.5":
  version "2.11.5"
  resolved "https://registry.npmjs.org/@tiptap/extension-history/-/extension-history-2.11.5.tgz"
  integrity sha512-b+wOS33Dz1azw6F1i9LFTEIJ/gUui0Jwz5ZvmVDpL2ZHBhq1Ui0/spTT+tuZOXq7Y/uCbKL8Liu4WoedIvhboQ==

"@tiptap/extension-horizontal-rule@^2.11.5":
  version "2.11.5"
  resolved "https://registry.npmjs.org/@tiptap/extension-horizontal-rule/-/extension-horizontal-rule-2.11.5.tgz"
  integrity sha512-3up2r1Du8/5/4ZYzTC0DjTwhgPI3dn8jhOCLu73m5F3OGvK/9whcXoeWoX103hYMnGDxBlfOje71yQuN35FL4A==

"@tiptap/extension-italic@^2.11.5":
  version "2.11.5"
  resolved "https://registry.npmjs.org/@tiptap/extension-italic/-/extension-italic-2.11.5.tgz"
  integrity sha512-9VGfb2/LfPhQ6TjzDwuYLRvw0A6VGbaIp3F+5Mql8XVdTBHb2+rhELbyhNGiGVR78CaB/EiKb6dO9xu/tBWSYA==

"@tiptap/extension-list-item@^2.11.5":
  version "2.11.5"
  resolved "https://registry.npmjs.org/@tiptap/extension-list-item/-/extension-list-item-2.11.5.tgz"
  integrity sha512-Mp5RD/pbkfW1vdc6xMVxXYcta73FOwLmblQlFNn/l/E5/X1DUSA4iGhgDDH4EWO3swbs03x2f7Zka/Xoj3+WLg==

"@tiptap/extension-ordered-list@^2.11.5":
  version "2.11.5"
  resolved "https://registry.npmjs.org/@tiptap/extension-ordered-list/-/extension-ordered-list-2.11.5.tgz"
  integrity sha512-Cu8KwruBNWAaEfshRQR0yOSaUKAeEwxW7UgbvF9cN/zZuKgK5uZosPCPTehIFCcRe+TBpRtZQh+06f/gNYpYYg==

"@tiptap/extension-paragraph@^2.11.5":
  version "2.11.5"
  resolved "https://registry.npmjs.org/@tiptap/extension-paragraph/-/extension-paragraph-2.11.5.tgz"
  integrity sha512-YFBWeg7xu/sBnsDIF/+nh9Arf7R0h07VZMd0id5Ydd2Qe3c1uIZwXxeINVtH0SZozuPIQFAT8ICe9M0RxmE+TA==

"@tiptap/extension-strike@^2.11.5":
  version "2.11.5"
  resolved "https://registry.npmjs.org/@tiptap/extension-strike/-/extension-strike-2.11.5.tgz"
  integrity sha512-PVfUiCqrjvsLpbIoVlegSY8RlkR64F1Rr2RYmiybQfGbg+AkSZXDeO0eIrc03//4gua7D9DfIozHmAKv1KN3ow==

"@tiptap/extension-text-style@^2.11.5":
  version "2.11.5"
  resolved "https://registry.npmjs.org/@tiptap/extension-text-style/-/extension-text-style-2.11.5.tgz"
  integrity sha512-YUmYl0gILSd/u/ZkOmNxjNXVw+mu8fpC2f8G4I4tLODm0zCx09j9DDEJXSrM5XX72nxJQqtSQsCpNKnL0hfeEQ==

"@tiptap/extension-text@^2.11.5":
  version "2.11.5"
  resolved "https://registry.npmjs.org/@tiptap/extension-text/-/extension-text-2.11.5.tgz"
  integrity sha512-Gq1WwyhFpCbEDrLPIHt5A8aLSlf8bfz4jm417c8F/JyU0J5dtYdmx0RAxjnLw1i7ZHE7LRyqqAoS0sl7JHDNSQ==

"@tiptap/pm@^2.11.5", "@tiptap/pm@^2.7.0":
  version "2.11.5"
  resolved "https://registry.npmjs.org/@tiptap/pm/-/pm-2.11.5.tgz"
  integrity sha512-z9JFtqc5ZOsdQLd9vRnXfTCQ8v5ADAfRt9Nm7SqP6FUHII8E1hs38ACzf5xursmth/VonJYb5+73Pqxk1hGIPw==
  dependencies:
    prosemirror-changeset "^2.2.1"
    prosemirror-collab "^1.3.1"
    prosemirror-commands "^1.6.2"
    prosemirror-dropcursor "^1.8.1"
    prosemirror-gapcursor "^1.3.2"
    prosemirror-history "^1.4.1"
    prosemirror-inputrules "^1.4.0"
    prosemirror-keymap "^1.2.2"
    prosemirror-markdown "^1.13.1"
    prosemirror-menu "^1.2.4"
    prosemirror-model "^1.23.0"
    prosemirror-schema-basic "^1.2.3"
    prosemirror-schema-list "^1.4.1"
    prosemirror-state "^1.4.3"
    prosemirror-tables "^1.6.3"
    prosemirror-trailing-node "^3.0.0"
    prosemirror-transform "^1.10.2"
    prosemirror-view "^1.37.0"

"@tiptap/react@^2.11.5":
  version "2.11.5"
  resolved "https://registry.npmjs.org/@tiptap/react/-/react-2.11.5.tgz"
  integrity sha512-Dp8eHL1G+R/C4+QzAczyb3t1ovexEIZx9ln7SGEM+cT1KHKAw9XGPRgsp92+NQaYI+EdEb/YqoBOSzQcd18/OQ==
  dependencies:
    "@tiptap/extension-bubble-menu" "^2.11.5"
    "@tiptap/extension-floating-menu" "^2.11.5"
    "@types/use-sync-external-store" "^0.0.6"
    fast-deep-equal "^3"
    use-sync-external-store "^1"

"@tiptap/starter-kit@^2.11.5":
  version "2.11.5"
  resolved "https://registry.npmjs.org/@tiptap/starter-kit/-/starter-kit-2.11.5.tgz"
  integrity sha512-SLI7Aj2ruU1t//6Mk8f+fqW+18uTqpdfLUJYgwu0CkqBckrkRZYZh6GVLk/02k3H2ki7QkFxiFbZrdbZdng0JA==
  dependencies:
    "@tiptap/core" "^2.11.5"
    "@tiptap/extension-blockquote" "^2.11.5"
    "@tiptap/extension-bold" "^2.11.5"
    "@tiptap/extension-bullet-list" "^2.11.5"
    "@tiptap/extension-code" "^2.11.5"
    "@tiptap/extension-code-block" "^2.11.5"
    "@tiptap/extension-document" "^2.11.5"
    "@tiptap/extension-dropcursor" "^2.11.5"
    "@tiptap/extension-gapcursor" "^2.11.5"
    "@tiptap/extension-hard-break" "^2.11.5"
    "@tiptap/extension-heading" "^2.11.5"
    "@tiptap/extension-history" "^2.11.5"
    "@tiptap/extension-horizontal-rule" "^2.11.5"
    "@tiptap/extension-italic" "^2.11.5"
    "@tiptap/extension-list-item" "^2.11.5"
    "@tiptap/extension-ordered-list" "^2.11.5"
    "@tiptap/extension-paragraph" "^2.11.5"
    "@tiptap/extension-strike" "^2.11.5"
    "@tiptap/extension-text" "^2.11.5"
    "@tiptap/extension-text-style" "^2.11.5"
    "@tiptap/pm" "^2.11.5"

"@types/linkify-it@^5":
  version "5.0.0"
  resolved "https://registry.npmjs.org/@types/linkify-it/-/linkify-it-5.0.0.tgz"
  integrity sha512-sVDA58zAw4eWAffKOaQH5/5j3XeayukzDk+ewSsnv3p4yJEZHCCzMDiZM8e0OUrRvmpGZ85jf4yDHkHsgBNr9Q==

"@types/markdown-it@^14.0.0":
  version "14.1.2"
  resolved "https://registry.npmjs.org/@types/markdown-it/-/markdown-it-14.1.2.tgz"
  integrity sha512-promo4eFwuiW+TfGxhi+0x3czqTYJkG8qB17ZUJiVF10Xm7NLVRSLUsfRTU/6h1e24VvRnXCx+hG7li58lkzog==
  dependencies:
    "@types/linkify-it" "^5"
    "@types/mdurl" "^2"

"@types/mdurl@^2":
  version "2.0.0"
  resolved "https://registry.npmjs.org/@types/mdurl/-/mdurl-2.0.0.tgz"
  integrity sha512-RGdgjQUZba5p6QEFAVx2OGb8rQDL/cPRG7GiedRzMcJ1tYnUANBncjbSB1NRGwbvjcPeikRABz2nshyPk1bhWg==

"@types/use-sync-external-store@^0.0.6":
  version "0.0.6"
  resolved "https://registry.npmjs.org/@types/use-sync-external-store/-/use-sync-external-store-0.0.6.tgz"
  integrity sha512-zFDAD+tlpf2r4asuHEj0XH6pY6i0g5NeAHPn+15wk3BV6JA69eERFXC1gyGThDkVa1zCyKr5jox1+2LbV/AMLg==

argparse@^2.0.1:
  version "2.0.1"
  resolved "https://registry.npmjs.org/argparse/-/argparse-2.0.1.tgz"
  integrity sha512-8+9WqebbFzpX9OR+Wa6O29asIogeRMzcGtAINdpMHHyAg10f05aSFVBbcEqGf/PXw1EjAZ+q2/bEBg3DvurK3Q==

crelt@^1.0.0:
  version "1.0.6"
  resolved "https://registry.npmjs.org/crelt/-/crelt-1.0.6.tgz"
  integrity sha512-VQ2MBenTq1fWZUH9DJNGti7kKv6EeAuYr3cLwxUWhIu1baTaXh4Ib5W2CqHVqib4/MqbYGJqiL3Zb8GJZr3l4g==

entities@^4.4.0:
  version "4.5.0"
  resolved "https://registry.npmjs.org/entities/-/entities-4.5.0.tgz"
  integrity sha512-V0hjH4dGPh9Ao5p0MoRY6BVqtwCjhz6vI5LT8AJ55H+4g9/4vbHx1I54fS0XuclLhDHArPQCiMjDxjaL8fPxhw==

escape-string-regexp@^4.0.0:
  version "4.0.0"
  resolved "https://registry.npmjs.org/escape-string-regexp/-/escape-string-regexp-4.0.0.tgz"
  integrity sha512-TtpcNJ3XAzx3Gq8sWRzJaVajRs0uVxA2YAkdb1jm2YkPz4G6egUFAyA3n5vtEIZefPk5Wa4UXbKuS5fKkJWdgA==

fast-deep-equal@^3:
  version "3.1.3"
  resolved "https://registry.npmjs.org/fast-deep-equal/-/fast-deep-equal-3.1.3.tgz"
  integrity sha512-f3qQ9oQy9j2AhBe/H9VC91wLmKBCCU/gDOnKNAYG5hswO7BLKj09Hc5HYNz9cGI++xlpDCIgDaitVs03ATR84Q==

framer-motion@^12.4.10:
  version "12.4.10"
  resolved "https://registry.npmjs.org/framer-motion/-/framer-motion-12.4.10.tgz"
  integrity sha512-3Msuyjcr1Pb5hjkn4EJcRe1HumaveP0Gbv4DBMKTPKcV/1GSMkQXj+Uqgneys+9DPcZM18Hac9qY9iUEF5LZtg==
  dependencies:
    motion-dom "^12.4.10"
    motion-utils "^12.4.10"
    tslib "^2.4.0"

linkify-it@^5.0.0:
  version "5.0.0"
  resolved "https://registry.npmjs.org/linkify-it/-/linkify-it-5.0.0.tgz"
  integrity sha512-5aHCbzQRADcdP+ATqnDuhhJ/MRIqDkZX5pyjFHRRysS8vZ5AbqGEoFIb6pYHPZ+L/OC2Lc+xT8uHVVR5CAK/wQ==
  dependencies:
    uc.micro "^2.0.0"

markdown-it@^14.0.0:
  version "14.1.0"
  resolved "https://registry.npmjs.org/markdown-it/-/markdown-it-14.1.0.tgz"
  integrity sha512-a54IwgWPaeBCAAsv13YgmALOF1elABB08FxO9i+r4VFk5Vl4pKokRPeX8u5TCgSsPi6ec1otfLjdOpVcgbpshg==
  dependencies:
    argparse "^2.0.1"
    entities "^4.4.0"
    linkify-it "^5.0.0"
    mdurl "^2.0.0"
    punycode.js "^2.3.1"
    uc.micro "^2.1.0"

mdurl@^2.0.0:
  version "2.0.0"
  resolved "https://registry.npmjs.org/mdurl/-/mdurl-2.0.0.tgz"
  integrity sha512-Lf+9+2r+Tdp5wXDXC4PcIBjTDtq4UKjCPMQhKIuzpJNW0b96kVqSwW0bT7FhRSfmAiFYgP+SCRvdrDozfh0U5w==

motion-dom@^12.4.10:
  version "12.4.10"
  resolved "https://registry.npmjs.org/motion-dom/-/motion-dom-12.4.10.tgz"
  integrity sha512-ISP5u6FTceoD6qKdLupIPU/LyXBrxGox+P2e3mBbm1+pLdlBbwv01YENJr7+1WZnW5ucVKzFScYsV1eXTCG4Xg==
  dependencies:
    motion-utils "^12.4.10"

motion-utils@^12.4.10:
  version "12.4.10"
  resolved "https://registry.npmjs.org/motion-utils/-/motion-utils-12.4.10.tgz"
  integrity sha512-NPwZd94V013SwRf++jMrk2+HEBgPkeIE2RiOzhAuuQlqxMJPkKt/LXVh6Upl+iN8oarSGD2dlY5/bqgsYXDABA==

orderedmap@^2.0.0:
  version "2.1.1"
  resolved "https://registry.npmjs.org/orderedmap/-/orderedmap-2.1.1.tgz"
  integrity sha512-TvAWxi0nDe1j/rtMcWcIj94+Ffe6n7zhow33h40SKxmsmozs6dz/e+EajymfoFcHd7sxNn8yHM8839uixMOV6g==

prosemirror-changeset@^2.2.1:
  version "2.2.1"
  resolved "https://registry.npmjs.org/prosemirror-changeset/-/prosemirror-changeset-2.2.1.tgz"
  integrity sha512-J7msc6wbxB4ekDFj+n9gTW/jav/p53kdlivvuppHsrZXCaQdVgRghoZbSS3kwrRyAstRVQ4/+u5k7YfLgkkQvQ==
  dependencies:
    prosemirror-transform "^1.0.0"

prosemirror-collab@^1.3.1:
  version "1.3.1"
  resolved "https://registry.npmjs.org/prosemirror-collab/-/prosemirror-collab-1.3.1.tgz"
  integrity sha512-4SnynYR9TTYaQVXd/ieUvsVV4PDMBzrq2xPUWutHivDuOshZXqQ5rGbZM84HEaXKbLdItse7weMGOUdDVcLKEQ==
  dependencies:
    prosemirror-state "^1.0.0"

prosemirror-commands@^1.0.0, prosemirror-commands@^1.6.2:
  version "1.7.0"
  resolved "https://registry.npmjs.org/prosemirror-commands/-/prosemirror-commands-1.7.0.tgz"
  integrity sha512-6toodS4R/Aah5pdsrIwnTYPEjW70SlO5a66oo5Kk+CIrgJz3ukOoS+FYDGqvQlAX5PxoGWDX1oD++tn5X3pyRA==
  dependencies:
    prosemirror-model "^1.0.0"
    prosemirror-state "^1.0.0"
    prosemirror-transform "^1.10.2"

prosemirror-dropcursor@^1.8.1:
  version "1.8.1"
  resolved "https://registry.npmjs.org/prosemirror-dropcursor/-/prosemirror-dropcursor-1.8.1.tgz"
  integrity sha512-M30WJdJZLyXHi3N8vxN6Zh5O8ZBbQCz0gURTfPmTIBNQ5pxrdU7A58QkNqfa98YEjSAL1HUyyU34f6Pm5xBSGw==
  dependencies:
    prosemirror-state "^1.0.0"
    prosemirror-transform "^1.1.0"
    prosemirror-view "^1.1.0"

prosemirror-gapcursor@^1.3.2:
  version "1.3.2"
  resolved "https://registry.npmjs.org/prosemirror-gapcursor/-/prosemirror-gapcursor-1.3.2.tgz"
  integrity sha512-wtjswVBd2vaQRrnYZaBCbyDqr232Ed4p2QPtRIUK5FuqHYKGWkEwl08oQM4Tw7DOR0FsasARV5uJFvMZWxdNxQ==
  dependencies:
    prosemirror-keymap "^1.0.0"
    prosemirror-model "^1.0.0"
    prosemirror-state "^1.0.0"
    prosemirror-view "^1.0.0"

prosemirror-history@^1.0.0, prosemirror-history@^1.4.1:
  version "1.4.1"
  resolved "https://registry.npmjs.org/prosemirror-history/-/prosemirror-history-1.4.1.tgz"
  integrity sha512-2JZD8z2JviJrboD9cPuX/Sv/1ChFng+xh2tChQ2X4bB2HeK+rra/bmJ3xGntCcjhOqIzSDG6Id7e8RJ9QPXLEQ==
  dependencies:
    prosemirror-state "^1.2.2"
    prosemirror-transform "^1.0.0"
    prosemirror-view "^1.31.0"
    rope-sequence "^1.3.0"

prosemirror-inputrules@^1.4.0:
  version "1.4.0"
  resolved "https://registry.npmjs.org/prosemirror-inputrules/-/prosemirror-inputrules-1.4.0.tgz"
  integrity sha512-6ygpPRuTJ2lcOXs9JkefieMst63wVJBgHZGl5QOytN7oSZs3Co/BYbc3Yx9zm9H37Bxw8kVzCnDsihsVsL4yEg==
  dependencies:
    prosemirror-state "^1.0.0"
    prosemirror-transform "^1.0.0"

prosemirror-keymap@^1.0.0, prosemirror-keymap@^1.2.2:
  version "1.2.2"
  resolved "https://registry.npmjs.org/prosemirror-keymap/-/prosemirror-keymap-1.2.2.tgz"
  integrity sha512-EAlXoksqC6Vbocqc0GtzCruZEzYgrn+iiGnNjsJsH4mrnIGex4qbLdWWNza3AW5W36ZRrlBID0eM6bdKH4OStQ==
  dependencies:
    prosemirror-state "^1.0.0"
    w3c-keyname "^2.2.0"

prosemirror-markdown@^1.13.1:
  version "1.13.1"
  resolved "https://registry.npmjs.org/prosemirror-markdown/-/prosemirror-markdown-1.13.1.tgz"
  integrity sha512-Sl+oMfMtAjWtlcZoj/5L/Q39MpEnVZ840Xo330WJWUvgyhNmLBLN7MsHn07s53nG/KImevWHSE6fEj4q/GihHw==
  dependencies:
    "@types/markdown-it" "^14.0.0"
    markdown-it "^14.0.0"
    prosemirror-model "^1.20.0"

prosemirror-menu@^1.2.4:
  version "1.2.4"
  resolved "https://registry.npmjs.org/prosemirror-menu/-/prosemirror-menu-1.2.4.tgz"
  integrity sha512-S/bXlc0ODQup6aiBbWVsX/eM+xJgCTAfMq/nLqaO5ID/am4wS0tTCIkzwytmao7ypEtjj39i7YbJjAgO20mIqA==
  dependencies:
    crelt "^1.0.0"
    prosemirror-commands "^1.0.0"
    prosemirror-history "^1.0.0"
    prosemirror-state "^1.0.0"

prosemirror-model@^1.0.0, prosemirror-model@^1.19.0, prosemirror-model@^1.20.0, prosemirror-model@^1.21.0, prosemirror-model@^1.22.1, prosemirror-model@^1.23.0, prosemirror-model@^1.24.1:
  version "1.24.1"
  resolved "https://registry.npmjs.org/prosemirror-model/-/prosemirror-model-1.24.1.tgz"
  integrity sha512-YM053N+vTThzlWJ/AtPtF1j0ebO36nvbmDy4U7qA2XQB8JVaQp1FmB9Jhrps8s+z+uxhhVTny4m20ptUvhk0Mg==
  dependencies:
    orderedmap "^2.0.0"

prosemirror-schema-basic@^1.2.3:
  version "1.2.3"
  resolved "https://registry.npmjs.org/prosemirror-schema-basic/-/prosemirror-schema-basic-1.2.3.tgz"
  integrity sha512-h+H0OQwZVqMon1PNn0AG9cTfx513zgIG2DY00eJ00Yvgb3UD+GQ/VlWW5rcaxacpCGT1Yx8nuhwXk4+QbXUfJA==
  dependencies:
    prosemirror-model "^1.19.0"

prosemirror-schema-list@^1.4.1:
  version "1.5.1"
  resolved "https://registry.npmjs.org/prosemirror-schema-list/-/prosemirror-schema-list-1.5.1.tgz"
  integrity sha512-927lFx/uwyQaGwJxLWCZRkjXG0p48KpMj6ueoYiu4JX05GGuGcgzAy62dfiV8eFZftgyBUvLx76RsMe20fJl+Q==
  dependencies:
    prosemirror-model "^1.0.0"
    prosemirror-state "^1.0.0"
    prosemirror-transform "^1.7.3"

prosemirror-state@^1.0.0, prosemirror-state@^1.2.2, prosemirror-state@^1.4.2, prosemirror-state@^1.4.3:
  version "1.4.3"
  resolved "https://registry.npmjs.org/prosemirror-state/-/prosemirror-state-1.4.3.tgz"
  integrity sha512-goFKORVbvPuAQaXhpbemJFRKJ2aixr+AZMGiquiqKxaucC6hlpHNZHWgz5R7dS4roHiwq9vDctE//CZ++o0W1Q==
  dependencies:
    prosemirror-model "^1.0.0"
    prosemirror-transform "^1.0.0"
    prosemirror-view "^1.27.0"

prosemirror-tables@^1.6.3:
  version "1.6.4"
  resolved "https://registry.npmjs.org/prosemirror-tables/-/prosemirror-tables-1.6.4.tgz"
  integrity sha512-TkDY3Gw52gRFRfRn2f4wJv5WOgAOXLJA2CQJYIJ5+kdFbfj3acR4JUW6LX2e1hiEBiUwvEhzH5a3cZ5YSztpIA==
  dependencies:
    prosemirror-keymap "^1.2.2"
    prosemirror-model "^1.24.1"
    prosemirror-state "^1.4.3"
    prosemirror-transform "^1.10.2"
    prosemirror-view "^1.37.2"

prosemirror-trailing-node@^3.0.0:
  version "3.0.0"
  resolved "https://registry.npmjs.org/prosemirror-trailing-node/-/prosemirror-trailing-node-3.0.0.tgz"
  integrity sha512-xiun5/3q0w5eRnGYfNlW1uU9W6x5MoFKWwq/0TIRgt09lv7Hcser2QYV8t4muXbEr+Fwo0geYn79Xs4GKywrRQ==
  dependencies:
    "@remirror/core-constants" "3.0.0"
    escape-string-regexp "^4.0.0"

prosemirror-transform@^1.0.0, prosemirror-transform@^1.1.0, prosemirror-transform@^1.10.2, prosemirror-transform@^1.7.3:
  version "1.10.3"
  resolved "https://registry.npmjs.org/prosemirror-transform/-/prosemirror-transform-1.10.3.tgz"
  integrity sha512-Nhh/+1kZGRINbEHmVu39oynhcap4hWTs/BlU7NnxWj3+l0qi8I1mu67v6mMdEe/ltD8hHvU4FV6PHiCw2VSpMw==
  dependencies:
    prosemirror-model "^1.21.0"

prosemirror-view@^1.0.0, prosemirror-view@^1.1.0, prosemirror-view@^1.27.0, prosemirror-view@^1.31.0, prosemirror-view@^1.33.8, prosemirror-view@^1.37.0, prosemirror-view@^1.37.2:
  version "1.38.1"
  resolved "https://registry.npmjs.org/prosemirror-view/-/prosemirror-view-1.38.1.tgz"
  integrity sha512-4FH/uM1A4PNyrxXbD+RAbAsf0d/mM0D/wAKSVVWK7o0A9Q/oOXJBrw786mBf2Vnrs/Edly6dH6Z2gsb7zWwaUw==
  dependencies:
    prosemirror-model "^1.20.0"
    prosemirror-state "^1.0.0"
    prosemirror-transform "^1.1.0"

punycode.js@^2.3.1:
  version "2.3.1"
  resolved "https://registry.npmjs.org/punycode.js/-/punycode.js-2.3.1.tgz"
  integrity sha512-uxFIHU0YlHYhDQtV4R9J6a52SLx28BCjT+4ieh7IGbgwVJWO+km431c4yRlREUAsAmt/uMjQUyQHNEPf0M39CA==

"react-dom@^17.0.0 || ^18.0.0 || ^19.0.0", "react-dom@^18.0.0 || ^19.0.0":
  version "19.0.0"
  resolved "https://registry.npmjs.org/react-dom/-/react-dom-19.0.0.tgz"
  integrity sha512-4GV5sHFG0e/0AD4X+ySy6UJd3jVl1iNsNHdpad0qhABJ11twS3TTBnseqsKurKcsNqCEFeGL3uLpVChpIO3QfQ==
  dependencies:
    scheduler "^0.25.0"

"react@^16.8.0 || ^17.0.0 || ^18.0.0 || ^19.0.0", "react@^17.0.0 || ^18.0.0 || ^19.0.0", "react@^18.0.0 || ^19.0.0", react@^19.0.0:
  version "19.0.0"
  resolved "https://registry.npmjs.org/react/-/react-19.0.0.tgz"
  integrity sha512-V8AVnmPIICiWpGfm6GLzCR/W5FXLchHop40W4nXBmdlEceh16rCN8O8LNWm5bh5XUX91fh7KpA+W0TgMKmgTpQ==

rope-sequence@^1.3.0:
  version "1.3.4"
  resolved "https://registry.npmjs.org/rope-sequence/-/rope-sequence-1.3.4.tgz"
  integrity sha512-UT5EDe2cu2E/6O4igUr5PSFs23nvvukicWHx6GnOPlHAiiYbzNuCRQCuiUdHJQcqKalLKlrYJnjY0ySGsXNQXQ==

scheduler@^0.25.0:
  version "0.25.0"
  resolved "https://registry.npmjs.org/scheduler/-/scheduler-0.25.0.tgz"
  integrity sha512-xFVuu11jh+xcO7JOAGJNOXld8/TcEHK/4CituBUeUb5hqxJLj9YuemAEuvm9gQ/+pgXYfbQuqAkiYu+u7YEsNA==

tippy.js@^6.3.7:
  version "6.3.7"
  resolved "https://registry.npmjs.org/tippy.js/-/tippy.js-6.3.7.tgz"
  integrity sha512-E1d3oP2emgJ9dRQZdf3Kkn0qJgI6ZLpyS5z6ZkY1DF3kaQaBsGZsndEpHwx+eC+tYM41HaSNvNtLx8tU57FzTQ==
  dependencies:
    "@popperjs/core" "^2.9.0"

tslib@^2.4.0:
  version "2.8.1"
  resolved "https://registry.npmjs.org/tslib/-/tslib-2.8.1.tgz"
  integrity sha512-oJFu94HQb+KVduSUQL7wnpmqnfmLsOA/nAh6b6EH0wCEoK0/mPeXU6c3wKDV83MkOuHPRHtSXKKU99IBazS/2w==

uc.micro@^2.0.0, uc.micro@^2.1.0:
  version "2.1.0"
  resolved "https://registry.npmjs.org/uc.micro/-/uc.micro-2.1.0.tgz"
  integrity sha512-ARDJmphmdvUk6Glw7y9DQ2bFkKBHwQHLi2lsaH6PPmz/Ka9sFOBsBluozhDltWmnv9u/cF6Rt87znRTPV+yp/A==

use-sync-external-store@^1:
  version "1.4.0"
  resolved "https://registry.npmjs.org/use-sync-external-store/-/use-sync-external-store-1.4.0.tgz"
  integrity sha512-9WXSPC5fMv61vaupRkCKCxsPxBocVnwakBEkMIHHpkTTg6icbJtg6jzgtLDm4bl3cSHAca52rYWih0k4K3PfHw==

w3c-keyname@^2.2.0:
  version "2.2.8"
  resolved "https://registry.npmjs.org/w3c-keyname/-/w3c-keyname-2.2.8.tgz"
  integrity sha512-dpojBhNsCNN7T82Tm7k26A6G9ML3NkhDsnw9n/eoxSRlVBB4CEtIQ/KTCLI2Fwf3ataSXRhYFkQi3SlnFwPvPQ==
